// !$*UTF8*$!
{
	archiveVersion = 1;
	classes = {
	};
	objectVersion = 46;
	objects = {

/* Begin PBXBuildFile section */
		14F4E948514DF44BBFFCC575 /* Pods_Byou_Koi.framework in Frameworks */ = {isa = PBXBuildFile; fileRef = 797AFFAE53341F6C2B2E8CF2 /* Pods_Byou_Koi.framework */; };
		322128F71BF877E20048EEB9 /* ProfileTableViewController.swift in Sources */ = {isa = PBXBuildFile; fileRef = 322128F61BF877E20048EEB9 /* ProfileTableViewController.swift */; };
		322128F91BF8787E0048EEB9 /* CustomNavigationBar.swift in Sources */ = {isa = PBXBuildFile; fileRef = 322128F81BF8787E0048EEB9 /* CustomNavigationBar.swift */; };
		322128FC1BF879670048EEB9 /* UIColor+Extension.swift in Sources */ = {isa = PBXBuildFile; fileRef = 322128FB1BF879670048EEB9 /* UIColor+Extension.swift */; };
		322129001BF87CE40048EEB9 /* ProfileCell.swift in Sources */ = {isa = PBXBuildFile; fileRef = 322128FE1BF87CE40048EEB9 /* ProfileCell.swift */; };
		322129011BF87CE40048EEB9 /* ProfileCell.xib in Resources */ = {isa = PBXBuildFile; fileRef = 322128FF1BF87CE40048EEB9 /* ProfileCell.xib */; };
		322129061BF87E4A0048EEB9 /* UIFont+Extension.swift in Sources */ = {isa = PBXBuildFile; fileRef = 322129051BF87E4A0048EEB9 /* UIFont+Extension.swift */; };
		322129081BF880CC0048EEB9 /* paruru.png in Resources */ = {isa = PBXBuildFile; fileRef = 322129071BF880CC0048EEB9 /* paruru.png */; };
		3221290B1BF881C30048EEB9 /* UITableView+Extension.swift in Sources */ = {isa = PBXBuildFile; fileRef = 3221290A1BF881C30048EEB9 /* UITableView+Extension.swift */; };
		3221290D1BF883AF0048EEB9 /* UIView+Extension.swift in Sources */ = {isa = PBXBuildFile; fileRef = 3221290C1BF883AF0048EEB9 /* UIView+Extension.swift */; };
		3221290F1BF8846F0048EEB9 /* camera.png in Resources */ = {isa = PBXBuildFile; fileRef = 3221290E1BF8846F0048EEB9 /* camera.png */; };
		3263BBCD1C0B35860035CDCF /* CurrentUser.swift in Sources */ = {isa = PBXBuildFile; fileRef = 3263BBCC1C0B35860035CDCF /* CurrentUser.swift */; };
		3266DD641C189059005AEE4D /* EditProfileTableViewController.swift in Sources */ = {isa = PBXBuildFile; fileRef = 3266DD631C189059005AEE4D /* EditProfileTableViewController.swift */; };
		3266DD681C1891E1005AEE4D /* EditIconCell.swift in Sources */ = {isa = PBXBuildFile; fileRef = 3266DD661C1891E1005AEE4D /* EditIconCell.swift */; };
		3266DD691C1891E1005AEE4D /* EditIconCell.xib in Resources */ = {isa = PBXBuildFile; fileRef = 3266DD671C1891E1005AEE4D /* EditIconCell.xib */; };
		327E6AAB1C1DD7F100852E84 /* NSData+Extension.swift in Sources */ = {isa = PBXBuildFile; fileRef = 327E6AAA1C1DD7F100852E84 /* NSData+Extension.swift */; };
		327E6AAD1C21CB3900852E84 /* UIImageView+Extension.swift in Sources */ = {isa = PBXBuildFile; fileRef = 327E6AAC1C21CB3900852E84 /* UIImageView+Extension.swift */; };
		329DA1B41BFDD0E100D339E1 /* FriendsTableViewController.swift in Sources */ = {isa = PBXBuildFile; fileRef = 329DA1B31BFDD0E100D339E1 /* FriendsTableViewController.swift */; };
		329DA2111C05791800D339E1 /* LGSimpleChat.swift in Sources */ = {isa = PBXBuildFile; fileRef = 329DA20F1C05791800D339E1 /* LGSimpleChat.swift */; };
		329DA2121C05791800D339E1 /* License in Resources */ = {isa = PBXBuildFile; fileRef = 329DA2101C05791800D339E1 /* License */; };
		329DA2151C057A8A00D339E1 /* SimpleChatViewController.swift in Sources */ = {isa = PBXBuildFile; fileRef = 329DA2141C057A8A00D339E1 /* SimpleChatViewController.swift */; };
		329DA2181C0613CA00D339E1 /* FriendCell.swift in Sources */ = {isa = PBXBuildFile; fileRef = 329DA2161C0613CA00D339E1 /* FriendCell.swift */; };
		329DA2191C0613CA00D339E1 /* FriendCell.xib in Resources */ = {isa = PBXBuildFile; fileRef = 329DA2171C0613CA00D339E1 /* FriendCell.xib */; };
		329DA21D1C0619EA00D339E1 /* horikita.png in Resources */ = {isa = PBXBuildFile; fileRef = 329DA21B1C0619EA00D339E1 /* horikita.png */; };
		329DA21E1C0619EA00D339E1 /* honda.png in Resources */ = {isa = PBXBuildFile; fileRef = 329DA21C1C0619EA00D339E1 /* honda.png */; };
		329DA25A1C09939500D339E1 /* LoginViewController.swift in Sources */ = {isa = PBXBuildFile; fileRef = 329DA2591C09939500D339E1 /* LoginViewController.swift */; };
		329DA25C1C0993C500D339E1 /* LoginView.swift in Sources */ = {isa = PBXBuildFile; fileRef = 329DA25B1C0993C500D339E1 /* LoginView.swift */; };
		329DA25E1C0993D700D339E1 /* LoginView.xib in Resources */ = {isa = PBXBuildFile; fileRef = 329DA25D1C0993D700D339E1 /* LoginView.xib */; };
		329DA2601C0995DB00D339E1 /* MainTabBarController.swift in Sources */ = {isa = PBXBuildFile; fileRef = 329DA25F1C0995DB00D339E1 /* MainTabBarController.swift */; };
		329DA2621C099DBC00D339E1 /* love.png in Resources */ = {isa = PBXBuildFile; fileRef = 329DA2611C099DBC00D339E1 /* love.png */; };
		329DA2651C0AC79900D339E1 /* LoginFormView.swift in Sources */ = {isa = PBXBuildFile; fileRef = 329DA2641C0AC79900D339E1 /* LoginFormView.swift */; };
		329DA2671C0AC7AC00D339E1 /* LoginFormView.xib in Resources */ = {isa = PBXBuildFile; fileRef = 329DA2661C0AC7AC00D339E1 /* LoginFormView.xib */; };
		329DA2691C0AD13300D339E1 /* byousoku.png in Resources */ = {isa = PBXBuildFile; fileRef = 329DA2681C0AD13300D339E1 /* byousoku.png */; };
		329DA26B1C0AF4D700D339E1 /* backback.png in Resources */ = {isa = PBXBuildFile; fileRef = 329DA26A1C0AF4D700D339E1 /* backback.png */; };
		329DA26D1C0AF6BC00D339E1 /* star_sky.png in Resources */ = {isa = PBXBuildFile; fileRef = 329DA26C1C0AF6BC00D339E1 /* star_sky.png */; };
		329DA26F1C0AF72300D339E1 /* ffff.png in Resources */ = {isa = PBXBuildFile; fileRef = 329DA26E1C0AF72300D339E1 /* ffff.png */; };
		329DA2711C0B076400D339E1 /* SignUpFormView.xib in Resources */ = {isa = PBXBuildFile; fileRef = 329DA2701C0B076400D339E1 /* SignUpFormView.xib */; };
		329DA2731C0B078B00D339E1 /* SignUpFormView.swift in Sources */ = {isa = PBXBuildFile; fileRef = 329DA2721C0B078B00D339E1 /* SignUpFormView.swift */; };
		329DA2751C0B1FFF00D339E1 /* User.swift in Sources */ = {isa = PBXBuildFile; fileRef = 329DA2741C0B1FFF00D339E1 /* User.swift */; };
		329DA2781C0B224900D339E1 /* String+Extension.swift in Sources */ = {isa = PBXBuildFile; fileRef = 329DA2771C0B224900D339E1 /* String+Extension.swift */; };
		32A9CA221C147D450063F333 /* menu@2x.png in Resources */ = {isa = PBXBuildFile; fileRef = 32A9CA211C147D450063F333 /* menu@2x.png */; };
		32B39FA61BF8EC2A00CFAE89 /* MenuLabel.swift in Sources */ = {isa = PBXBuildFile; fileRef = 32B39FA51BF8EC2A00CFAE89 /* MenuLabel.swift */; };
		32B39FA81BFA2EF000CFAE89 /* ProfileLabel.swift in Sources */ = {isa = PBXBuildFile; fileRef = 32B39FA71BFA2EF000CFAE89 /* ProfileLabel.swift */; };
		32B39FAD1BFA35B700CFAE89 /* ProfileLabelCell.swift in Sources */ = {isa = PBXBuildFile; fileRef = 32B39FAB1BFA35B700CFAE89 /* ProfileLabelCell.swift */; };
		32B39FAE1BFA35B700CFAE89 /* ProfileLabelCell.xib in Resources */ = {isa = PBXBuildFile; fileRef = 32B39FAC1BFA35B700CFAE89 /* ProfileLabelCell.xib */; };
		32B39FB31BFA3B1400CFAE89 /* EditMenuCell.swift in Sources */ = {isa = PBXBuildFile; fileRef = 32B39FB11BFA3B1400CFAE89 /* EditMenuCell.swift */; };
		32B39FB41BFA3B1400CFAE89 /* EditMenuCell.xib in Resources */ = {isa = PBXBuildFile; fileRef = 32B39FB21BFA3B1400CFAE89 /* EditMenuCell.xib */; };
		32ECD3BB1BF860CF00BB25BA /* AppDelegate.swift in Sources */ = {isa = PBXBuildFile; fileRef = 32ECD3BA1BF860CF00BB25BA /* AppDelegate.swift */; };
		32ECD3C01BF860CF00BB25BA /* Main.storyboard in Resources */ = {isa = PBXBuildFile; fileRef = 32ECD3BE1BF860CF00BB25BA /* Main.storyboard */; };
		32ECD3C21BF860CF00BB25BA /* Assets.xcassets in Resources */ = {isa = PBXBuildFile; fileRef = 32ECD3C11BF860CF00BB25BA /* Assets.xcassets */; };
		32ECD3C51BF860CF00BB25BA /* LaunchScreen.storyboard in Resources */ = {isa = PBXBuildFile; fileRef = 32ECD3C31BF860CF00BB25BA /* LaunchScreen.storyboard */; };
		32ECD3D01BF860CF00BB25BA /* Byou_KoiTests.swift in Sources */ = {isa = PBXBuildFile; fileRef = 32ECD3CF1BF860CF00BB25BA /* Byou_KoiTests.swift */; };
		32ECD3DB1BF860CF00BB25BA /* Byou_KoiUITests.swift in Sources */ = {isa = PBXBuildFile; fileRef = 32ECD3DA1BF860CF00BB25BA /* Byou_KoiUITests.swift */; };
/* End PBXBuildFile section */

/* Begin PBXContainerItemProxy section */
		32ECD3CC1BF860CF00BB25BA /* PBXContainerItemProxy */ = {
			isa = PBXContainerItemProxy;
			containerPortal = 32ECD3AF1BF860CE00BB25BA /* Project object */;
			proxyType = 1;
			remoteGlobalIDString = 32ECD3B61BF860CF00BB25BA;
			remoteInfo = "Byou-Koi";
		};
		32ECD3D71BF860CF00BB25BA /* PBXContainerItemProxy */ = {
			isa = PBXContainerItemProxy;
			containerPortal = 32ECD3AF1BF860CE00BB25BA /* Project object */;
			proxyType = 1;
			remoteGlobalIDString = 32ECD3B61BF860CF00BB25BA;
			remoteInfo = "Byou-Koi";
		};
/* End PBXContainerItemProxy section */

/* Begin PBXFileReference section */
		322128F61BF877E20048EEB9 /* ProfileTableViewController.swift */ = {isa = PBXFileReference; fileEncoding = 4; lastKnownFileType = sourcecode.swift; path = ProfileTableViewController.swift; sourceTree = "<group>"; };
		322128F81BF8787E0048EEB9 /* CustomNavigationBar.swift */ = {isa = PBXFileReference; fileEncoding = 4; lastKnownFileType = sourcecode.swift; path = CustomNavigationBar.swift; sourceTree = "<group>"; };
		322128FB1BF879670048EEB9 /* UIColor+Extension.swift */ = {isa = PBXFileReference; fileEncoding = 4; lastKnownFileType = sourcecode.swift; path = "UIColor+Extension.swift"; sourceTree = "<group>"; };
		322128FE1BF87CE40048EEB9 /* ProfileCell.swift */ = {isa = PBXFileReference; fileEncoding = 4; lastKnownFileType = sourcecode.swift; path = ProfileCell.swift; sourceTree = "<group>"; };
		322128FF1BF87CE40048EEB9 /* ProfileCell.xib */ = {isa = PBXFileReference; fileEncoding = 4; lastKnownFileType = file.xib; path = ProfileCell.xib; sourceTree = "<group>"; };
		322129051BF87E4A0048EEB9 /* UIFont+Extension.swift */ = {isa = PBXFileReference; fileEncoding = 4; lastKnownFileType = sourcecode.swift; path = "UIFont+Extension.swift"; sourceTree = "<group>"; };
		322129071BF880CC0048EEB9 /* paruru.png */ = {isa = PBXFileReference; lastKnownFileType = image.png; path = paruru.png; sourceTree = "<group>"; };
		3221290A1BF881C30048EEB9 /* UITableView+Extension.swift */ = {isa = PBXFileReference; fileEncoding = 4; lastKnownFileType = sourcecode.swift; path = "UITableView+Extension.swift"; sourceTree = "<group>"; };
		3221290C1BF883AF0048EEB9 /* UIView+Extension.swift */ = {isa = PBXFileReference; fileEncoding = 4; lastKnownFileType = sourcecode.swift; path = "UIView+Extension.swift"; sourceTree = "<group>"; };
		3221290E1BF8846F0048EEB9 /* camera.png */ = {isa = PBXFileReference; lastKnownFileType = image.png; path = camera.png; sourceTree = "<group>"; };
		3263BBCC1C0B35860035CDCF /* CurrentUser.swift */ = {isa = PBXFileReference; fileEncoding = 4; lastKnownFileType = sourcecode.swift; path = CurrentUser.swift; sourceTree = "<group>"; };
		3266DD631C189059005AEE4D /* EditProfileTableViewController.swift */ = {isa = PBXFileReference; fileEncoding = 4; lastKnownFileType = sourcecode.swift; path = EditProfileTableViewController.swift; sourceTree = "<group>"; };
		3266DD661C1891E1005AEE4D /* EditIconCell.swift */ = {isa = PBXFileReference; fileEncoding = 4; lastKnownFileType = sourcecode.swift; path = EditIconCell.swift; sourceTree = "<group>"; };
		3266DD671C1891E1005AEE4D /* EditIconCell.xib */ = {isa = PBXFileReference; fileEncoding = 4; lastKnownFileType = file.xib; path = EditIconCell.xib; sourceTree = "<group>"; };
		327E6AAA1C1DD7F100852E84 /* NSData+Extension.swift */ = {isa = PBXFileReference; fileEncoding = 4; lastKnownFileType = sourcecode.swift; path = "NSData+Extension.swift"; sourceTree = "<group>"; };
		327E6AAC1C21CB3900852E84 /* UIImageView+Extension.swift */ = {isa = PBXFileReference; fileEncoding = 4; lastKnownFileType = sourcecode.swift; path = "UIImageView+Extension.swift"; sourceTree = "<group>"; };
		329DA1B31BFDD0E100D339E1 /* FriendsTableViewController.swift */ = {isa = PBXFileReference; fileEncoding = 4; lastKnownFileType = sourcecode.swift; path = FriendsTableViewController.swift; sourceTree = "<group>"; };
		329DA20F1C05791800D339E1 /* LGSimpleChat.swift */ = {isa = PBXFileReference; fileEncoding = 4; lastKnownFileType = sourcecode.swift; path = LGSimpleChat.swift; sourceTree = "<group>"; };
		329DA2101C05791800D339E1 /* License */ = {isa = PBXFileReference; fileEncoding = 4; lastKnownFileType = text; path = License; sourceTree = "<group>"; };
		329DA2141C057A8A00D339E1 /* SimpleChatViewController.swift */ = {isa = PBXFileReference; fileEncoding = 4; lastKnownFileType = sourcecode.swift; path = SimpleChatViewController.swift; sourceTree = "<group>"; };
		329DA2161C0613CA00D339E1 /* FriendCell.swift */ = {isa = PBXFileReference; fileEncoding = 4; lastKnownFileType = sourcecode.swift; path = FriendCell.swift; sourceTree = "<group>"; };
		329DA2171C0613CA00D339E1 /* FriendCell.xib */ = {isa = PBXFileReference; fileEncoding = 4; lastKnownFileType = file.xib; path = FriendCell.xib; sourceTree = "<group>"; };
		329DA21B1C0619EA00D339E1 /* horikita.png */ = {isa = PBXFileReference; lastKnownFileType = image.png; path = horikita.png; sourceTree = "<group>"; };
		329DA21C1C0619EA00D339E1 /* honda.png */ = {isa = PBXFileReference; lastKnownFileType = image.png; path = honda.png; sourceTree = "<group>"; };
		329DA2591C09939500D339E1 /* LoginViewController.swift */ = {isa = PBXFileReference; fileEncoding = 4; lastKnownFileType = sourcecode.swift; path = LoginViewController.swift; sourceTree = "<group>"; };
		329DA25B1C0993C500D339E1 /* LoginView.swift */ = {isa = PBXFileReference; fileEncoding = 4; lastKnownFileType = sourcecode.swift; path = LoginView.swift; sourceTree = "<group>"; };
		329DA25D1C0993D700D339E1 /* LoginView.xib */ = {isa = PBXFileReference; fileEncoding = 4; lastKnownFileType = file.xib; path = LoginView.xib; sourceTree = "<group>"; };
		329DA25F1C0995DB00D339E1 /* MainTabBarController.swift */ = {isa = PBXFileReference; fileEncoding = 4; lastKnownFileType = sourcecode.swift; path = MainTabBarController.swift; sourceTree = "<group>"; };
		329DA2611C099DBC00D339E1 /* love.png */ = {isa = PBXFileReference; lastKnownFileType = image.png; path = love.png; sourceTree = "<group>"; };
		329DA2641C0AC79900D339E1 /* LoginFormView.swift */ = {isa = PBXFileReference; fileEncoding = 4; lastKnownFileType = sourcecode.swift; path = LoginFormView.swift; sourceTree = "<group>"; };
		329DA2661C0AC7AC00D339E1 /* LoginFormView.xib */ = {isa = PBXFileReference; fileEncoding = 4; lastKnownFileType = file.xib; path = LoginFormView.xib; sourceTree = "<group>"; };
		329DA2681C0AD13300D339E1 /* byousoku.png */ = {isa = PBXFileReference; lastKnownFileType = image.png; path = byousoku.png; sourceTree = "<group>"; };
		329DA26A1C0AF4D700D339E1 /* backback.png */ = {isa = PBXFileReference; lastKnownFileType = image.png; path = backback.png; sourceTree = "<group>"; };
		329DA26C1C0AF6BC00D339E1 /* star_sky.png */ = {isa = PBXFileReference; lastKnownFileType = image.png; path = star_sky.png; sourceTree = "<group>"; };
		329DA26E1C0AF72300D339E1 /* ffff.png */ = {isa = PBXFileReference; lastKnownFileType = image.png; path = ffff.png; sourceTree = "<group>"; };
		329DA2701C0B076400D339E1 /* SignUpFormView.xib */ = {isa = PBXFileReference; fileEncoding = 4; lastKnownFileType = file.xib; path = SignUpFormView.xib; sourceTree = "<group>"; };
		329DA2721C0B078B00D339E1 /* SignUpFormView.swift */ = {isa = PBXFileReference; fileEncoding = 4; lastKnownFileType = sourcecode.swift; path = SignUpFormView.swift; sourceTree = "<group>"; };
		329DA2741C0B1FFF00D339E1 /* User.swift */ = {isa = PBXFileReference; fileEncoding = 4; lastKnownFileType = sourcecode.swift; path = User.swift; sourceTree = "<group>"; };
		329DA2771C0B224900D339E1 /* String+Extension.swift */ = {isa = PBXFileReference; fileEncoding = 4; lastKnownFileType = sourcecode.swift; path = "String+Extension.swift"; sourceTree = "<group>"; };
		32A9CA211C147D450063F333 /* menu@2x.png */ = {isa = PBXFileReference; lastKnownFileType = image.png; path = "menu@2x.png"; sourceTree = "<group>"; };
		32B39FA51BF8EC2A00CFAE89 /* MenuLabel.swift */ = {isa = PBXFileReference; fileEncoding = 4; lastKnownFileType = sourcecode.swift; path = MenuLabel.swift; sourceTree = "<group>"; };
		32B39FA71BFA2EF000CFAE89 /* ProfileLabel.swift */ = {isa = PBXFileReference; fileEncoding = 4; lastKnownFileType = sourcecode.swift; path = ProfileLabel.swift; sourceTree = "<group>"; };
		32B39FAB1BFA35B700CFAE89 /* ProfileLabelCell.swift */ = {isa = PBXFileReference; fileEncoding = 4; lastKnownFileType = sourcecode.swift; path = ProfileLabelCell.swift; sourceTree = "<group>"; };
		32B39FAC1BFA35B700CFAE89 /* ProfileLabelCell.xib */ = {isa = PBXFileReference; fileEncoding = 4; lastKnownFileType = file.xib; path = ProfileLabelCell.xib; sourceTree = "<group>"; };
		32B39FB11BFA3B1400CFAE89 /* EditMenuCell.swift */ = {isa = PBXFileReference; fileEncoding = 4; lastKnownFileType = sourcecode.swift; path = EditMenuCell.swift; sourceTree = "<group>"; };
		32B39FB21BFA3B1400CFAE89 /* EditMenuCell.xib */ = {isa = PBXFileReference; fileEncoding = 4; lastKnownFileType = file.xib; path = EditMenuCell.xib; sourceTree = "<group>"; };
		32ECD3B71BF860CF00BB25BA /* Byou-Koi.app */ = {isa = PBXFileReference; explicitFileType = wrapper.application; includeInIndex = 0; path = "Byou-Koi.app"; sourceTree = BUILT_PRODUCTS_DIR; };
		32ECD3BA1BF860CF00BB25BA /* AppDelegate.swift */ = {isa = PBXFileReference; lastKnownFileType = sourcecode.swift; path = AppDelegate.swift; sourceTree = "<group>"; };
		32ECD3BF1BF860CF00BB25BA /* Base */ = {isa = PBXFileReference; lastKnownFileType = file.storyboard; name = Base; path = Base.lproj/Main.storyboard; sourceTree = "<group>"; };
		32ECD3C11BF860CF00BB25BA /* Assets.xcassets */ = {isa = PBXFileReference; lastKnownFileType = folder.assetcatalog; path = Assets.xcassets; sourceTree = "<group>"; };
		32ECD3C41BF860CF00BB25BA /* Base */ = {isa = PBXFileReference; lastKnownFileType = file.storyboard; name = Base; path = Base.lproj/LaunchScreen.storyboard; sourceTree = "<group>"; };
		32ECD3C61BF860CF00BB25BA /* Info.plist */ = {isa = PBXFileReference; lastKnownFileType = text.plist.xml; path = Info.plist; sourceTree = "<group>"; };
		32ECD3CB1BF860CF00BB25BA /* Byou-KoiTests.xctest */ = {isa = PBXFileReference; explicitFileType = wrapper.cfbundle; includeInIndex = 0; path = "Byou-KoiTests.xctest"; sourceTree = BUILT_PRODUCTS_DIR; };
		32ECD3CF1BF860CF00BB25BA /* Byou_KoiTests.swift */ = {isa = PBXFileReference; lastKnownFileType = sourcecode.swift; path = Byou_KoiTests.swift; sourceTree = "<group>"; };
		32ECD3D11BF860CF00BB25BA /* Info.plist */ = {isa = PBXFileReference; lastKnownFileType = text.plist.xml; path = Info.plist; sourceTree = "<group>"; };
		32ECD3D61BF860CF00BB25BA /* Byou-KoiUITests.xctest */ = {isa = PBXFileReference; explicitFileType = wrapper.cfbundle; includeInIndex = 0; path = "Byou-KoiUITests.xctest"; sourceTree = BUILT_PRODUCTS_DIR; };
		32ECD3DA1BF860CF00BB25BA /* Byou_KoiUITests.swift */ = {isa = PBXFileReference; lastKnownFileType = sourcecode.swift; path = Byou_KoiUITests.swift; sourceTree = "<group>"; };
		32ECD3DC1BF860CF00BB25BA /* Info.plist */ = {isa = PBXFileReference; lastKnownFileType = text.plist.xml; path = Info.plist; sourceTree = "<group>"; };
		41020E60418CB496C8CAB1BB /* Pods-Byou-Koi.release.xcconfig */ = {isa = PBXFileReference; includeInIndex = 1; lastKnownFileType = text.xcconfig; name = "Pods-Byou-Koi.release.xcconfig"; path = "Pods/Target Support Files/Pods-Byou-Koi/Pods-Byou-Koi.release.xcconfig"; sourceTree = "<group>"; };
		55B7C7DC53E8F2B75C6E15A7 /* Pods-Byou-Koi.debug.xcconfig */ = {isa = PBXFileReference; includeInIndex = 1; lastKnownFileType = text.xcconfig; name = "Pods-Byou-Koi.debug.xcconfig"; path = "Pods/Target Support Files/Pods-Byou-Koi/Pods-Byou-Koi.debug.xcconfig"; sourceTree = "<group>"; };
		797AFFAE53341F6C2B2E8CF2 /* Pods_Byou_Koi.framework */ = {isa = PBXFileReference; explicitFileType = wrapper.framework; includeInIndex = 0; path = Pods_Byou_Koi.framework; sourceTree = BUILT_PRODUCTS_DIR; };
/* End PBXFileReference section */

/* Begin PBXFrameworksBuildPhase section */
		32ECD3B41BF860CF00BB25BA /* Frameworks */ = {
			isa = PBXFrameworksBuildPhase;
			buildActionMask = 2147483647;
			files = (
				14F4E948514DF44BBFFCC575 /* Pods_Byou_Koi.framework in Frameworks */,
			);
			runOnlyForDeploymentPostprocessing = 0;
		};
		32ECD3C81BF860CF00BB25BA /* Frameworks */ = {
			isa = PBXFrameworksBuildPhase;
			buildActionMask = 2147483647;
			files = (
			);
			runOnlyForDeploymentPostprocessing = 0;
		};
		32ECD3D31BF860CF00BB25BA /* Frameworks */ = {
			isa = PBXFrameworksBuildPhase;
			buildActionMask = 2147483647;
			files = (
			);
			runOnlyForDeploymentPostprocessing = 0;
		};
/* End PBXFrameworksBuildPhase section */

/* Begin PBXGroup section */
		322128F51BF8772A0048EEB9 /* Controllers */ = {
			isa = PBXGroup;
			children = (
				329DA25F1C0995DB00D339E1 /* MainTabBarController.swift */,
				322128F61BF877E20048EEB9 /* ProfileTableViewController.swift */,
				329DA2141C057A8A00D339E1 /* SimpleChatViewController.swift */,
				329DA1B31BFDD0E100D339E1 /* FriendsTableViewController.swift */,
				329DA2591C09939500D339E1 /* LoginViewController.swift */,
				3266DD631C189059005AEE4D /* EditProfileTableViewController.swift */,
			);
			name = Controllers;
			sourceTree = "<group>";
		};
		322128FA1BF878830048EEB9 /* NavigationBars */ = {
			isa = PBXGroup;
			children = (
				322128F81BF8787E0048EEB9 /* CustomNavigationBar.swift */,
			);
			name = NavigationBars;
			sourceTree = "<group>";
		};
		322128FD1BF8796B0048EEB9 /* Extensions */ = {
			isa = PBXGroup;
			children = (
				322128FB1BF879670048EEB9 /* UIColor+Extension.swift */,
				322129051BF87E4A0048EEB9 /* UIFont+Extension.swift */,
				3221290A1BF881C30048EEB9 /* UITableView+Extension.swift */,
				3221290C1BF883AF0048EEB9 /* UIView+Extension.swift */,
				329DA2771C0B224900D339E1 /* String+Extension.swift */,
				327E6AAA1C1DD7F100852E84 /* NSData+Extension.swift */,
				327E6AAC1C21CB3900852E84 /* UIImageView+Extension.swift */,
			);
			name = Extensions;
			sourceTree = "<group>";
		};
		322129021BF87CE90048EEB9 /* Views */ = {
			isa = PBXGroup;
			children = (
				3266DD651C1891A4005AEE4D /* Edit Profile Form Cell */,
				32B39FAF1BFA35BD00CFAE89 /* Edit Label Cell */,
				32B39FAA1BFA358E00CFAE89 /* Profile Cell */,
				32B39FA91BFA34A800CFAE89 /* Constom Labels */,
				32B39FB51BFA3B1900CFAE89 /* Edit Menu Label */,
				329DA21A1C0613CF00D339E1 /* Friend Cell */,
				329DA2631C0AC77D00D339E1 /* Login View */,
			);
			name = Views;
			sourceTree = "<group>";
		};
		322129091BF880CF0048EEB9 /* Images */ = {
			isa = PBXGroup;
			children = (
				3221290E1BF8846F0048EEB9 /* camera.png */,
				32A9CA211C147D450063F333 /* menu@2x.png */,
				329DA26E1C0AF72300D339E1 /* ffff.png */,
				329DA26C1C0AF6BC00D339E1 /* star_sky.png */,
				329DA2681C0AD13300D339E1 /* byousoku.png */,
				329DA26A1C0AF4D700D339E1 /* backback.png */,
				329DA2611C099DBC00D339E1 /* love.png */,
				322129071BF880CC0048EEB9 /* paruru.png */,
				329DA21B1C0619EA00D339E1 /* horikita.png */,
				329DA21C1C0619EA00D339E1 /* honda.png */,
			);
			name = Images;
			sourceTree = "<group>";
		};
		3266DD651C1891A4005AEE4D /* Edit Profile Form Cell */ = {
			isa = PBXGroup;
			children = (
				3266DD661C1891E1005AEE4D /* EditIconCell.swift */,
				3266DD671C1891E1005AEE4D /* EditIconCell.xib */,
			);
			name = "Edit Profile Form Cell";
			sourceTree = "<group>";
		};
		329DA2131C05792500D339E1 /* SimpleChat */ = {
			isa = PBXGroup;
			children = (
				329DA20F1C05791800D339E1 /* LGSimpleChat.swift */,
				329DA2101C05791800D339E1 /* License */,
			);
			name = SimpleChat;
			sourceTree = "<group>";
		};
		329DA21A1C0613CF00D339E1 /* Friend Cell */ = {
			isa = PBXGroup;
			children = (
				329DA2161C0613CA00D339E1 /* FriendCell.swift */,
				329DA2171C0613CA00D339E1 /* FriendCell.xib */,
			);
			name = "Friend Cell";
			sourceTree = "<group>";
		};
		329DA2631C0AC77D00D339E1 /* Login View */ = {
			isa = PBXGroup;
			children = (
				329DA25B1C0993C500D339E1 /* LoginView.swift */,
				329DA25D1C0993D700D339E1 /* LoginView.xib */,
				329DA2641C0AC79900D339E1 /* LoginFormView.swift */,
				329DA2661C0AC7AC00D339E1 /* LoginFormView.xib */,
				329DA2721C0B078B00D339E1 /* SignUpFormView.swift */,
				329DA2701C0B076400D339E1 /* SignUpFormView.xib */,
			);
			name = "Login View";
			sourceTree = "<group>";
		};
		329DA2761C0B200500D339E1 /* Models */ = {
			isa = PBXGroup;
			children = (
				329DA2741C0B1FFF00D339E1 /* User.swift */,
				3263BBCC1C0B35860035CDCF /* CurrentUser.swift */,
			);
			name = Models;
			sourceTree = "<group>";
		};
		32B39FA91BFA34A800CFAE89 /* Constom Labels */ = {
			isa = PBXGroup;
			children = (
				32B39FA51BF8EC2A00CFAE89 /* MenuLabel.swift */,
				32B39FA71BFA2EF000CFAE89 /* ProfileLabel.swift */,
			);
			name = "Constom Labels";
			sourceTree = "<group>";
		};
		32B39FAA1BFA358E00CFAE89 /* Profile Cell */ = {
			isa = PBXGroup;
			children = (
				322128FE1BF87CE40048EEB9 /* ProfileCell.swift */,
				322128FF1BF87CE40048EEB9 /* ProfileCell.xib */,
			);
			name = "Profile Cell";
			sourceTree = "<group>";
		};
		32B39FAF1BFA35BD00CFAE89 /* Edit Label Cell */ = {
			isa = PBXGroup;
			children = (
				32B39FAB1BFA35B700CFAE89 /* ProfileLabelCell.swift */,
				32B39FAC1BFA35B700CFAE89 /* ProfileLabelCell.xib */,
			);
			name = "Edit Label Cell";
			sourceTree = "<group>";
		};
		32B39FB51BFA3B1900CFAE89 /* Edit Menu Label */ = {
			isa = PBXGroup;
			children = (
				32B39FB11BFA3B1400CFAE89 /* EditMenuCell.swift */,
				32B39FB21BFA3B1400CFAE89 /* EditMenuCell.xib */,
			);
			name = "Edit Menu Label";
			sourceTree = "<group>";
		};
		32ECD3AE1BF860CE00BB25BA = {
			isa = PBXGroup;
			children = (
				32ECD3B91BF860CF00BB25BA /* Byou-Koi */,
				32ECD3CE1BF860CF00BB25BA /* Byou-KoiTests */,
				32ECD3D91BF860CF00BB25BA /* Byou-KoiUITests */,
				32ECD3B81BF860CF00BB25BA /* Products */,
				439F71E2A510BB4518CC78C3 /* Pods */,
				AB01483605CC122577A12D14 /* Frameworks */,
			);
			sourceTree = "<group>";
		};
		32ECD3B81BF860CF00BB25BA /* Products */ = {
			isa = PBXGroup;
			children = (
				32ECD3B71BF860CF00BB25BA /* Byou-Koi.app */,
				32ECD3CB1BF860CF00BB25BA /* Byou-KoiTests.xctest */,
				32ECD3D61BF860CF00BB25BA /* Byou-KoiUITests.xctest */,
			);
			name = Products;
			sourceTree = "<group>";
		};
		32ECD3B91BF860CF00BB25BA /* Byou-Koi */ = {
			isa = PBXGroup;
			children = (
				32ECD3BA1BF860CF00BB25BA /* AppDelegate.swift */,
				32ECD3BE1BF860CF00BB25BA /* Main.storyboard */,
				329DA2761C0B200500D339E1 /* Models */,
				322129021BF87CE90048EEB9 /* Views */,
				322128F51BF8772A0048EEB9 /* Controllers */,
				322128FA1BF878830048EEB9 /* NavigationBars */,
				329DA2131C05792500D339E1 /* SimpleChat */,
				322128FD1BF8796B0048EEB9 /* Extensions */,
				322129091BF880CF0048EEB9 /* Images */,
				32ECD3C11BF860CF00BB25BA /* Assets.xcassets */,
				32ECD3C31BF860CF00BB25BA /* LaunchScreen.storyboard */,
				32ECD3C61BF860CF00BB25BA /* Info.plist */,
			);
			path = "Byou-Koi";
			sourceTree = "<group>";
		};
		32ECD3CE1BF860CF00BB25BA /* Byou-KoiTests */ = {
			isa = PBXGroup;
			children = (
				32ECD3CF1BF860CF00BB25BA /* Byou_KoiTests.swift */,
				32ECD3D11BF860CF00BB25BA /* Info.plist */,
			);
			path = "Byou-KoiTests";
			sourceTree = "<group>";
		};
		32ECD3D91BF860CF00BB25BA /* Byou-KoiUITests */ = {
			isa = PBXGroup;
			children = (
				32ECD3DA1BF860CF00BB25BA /* Byou_KoiUITests.swift */,
				32ECD3DC1BF860CF00BB25BA /* Info.plist */,
			);
			path = "Byou-KoiUITests";
			sourceTree = "<group>";
		};
		439F71E2A510BB4518CC78C3 /* Pods */ = {
			isa = PBXGroup;
			children = (
				55B7C7DC53E8F2B75C6E15A7 /* Pods-Byou-Koi.debug.xcconfig */,
				41020E60418CB496C8CAB1BB /* Pods-Byou-Koi.release.xcconfig */,
			);
			name = Pods;
			sourceTree = "<group>";
		};
		AB01483605CC122577A12D14 /* Frameworks */ = {
			isa = PBXGroup;
			children = (
				797AFFAE53341F6C2B2E8CF2 /* Pods_Byou_Koi.framework */,
			);
			name = Frameworks;
			sourceTree = "<group>";
		};
/* End PBXGroup section */

/* Begin PBXNativeTarget section */
		32ECD3B61BF860CF00BB25BA /* Byou-Koi */ = {
			isa = PBXNativeTarget;
			buildConfigurationList = 32ECD3DF1BF860CF00BB25BA /* Build configuration list for PBXNativeTarget "Byou-Koi" */;
			buildPhases = (
				7B86C34F915A602B886DDCFE /* Check Pods Manifest.lock */,
				32ECD3B31BF860CF00BB25BA /* Sources */,
				32ECD3B41BF860CF00BB25BA /* Frameworks */,
				32ECD3B51BF860CF00BB25BA /* Resources */,
				6A00107ECB83DF85B69B0484 /* Embed Pods Frameworks */,
				889FE547E5EAA404BED02D88 /* Copy Pods Resources */,
			);
			buildRules = (
			);
			dependencies = (
			);
			name = "Byou-Koi";
			productName = "Byou-Koi";
			productReference = 32ECD3B71BF860CF00BB25BA /* Byou-Koi.app */;
			productType = "com.apple.product-type.application";
		};
		32ECD3CA1BF860CF00BB25BA /* Byou-KoiTests */ = {
			isa = PBXNativeTarget;
			buildConfigurationList = 32ECD3E21BF860CF00BB25BA /* Build configuration list for PBXNativeTarget "Byou-KoiTests" */;
			buildPhases = (
				32ECD3C71BF860CF00BB25BA /* Sources */,
				32ECD3C81BF860CF00BB25BA /* Frameworks */,
				32ECD3C91BF860CF00BB25BA /* Resources */,
			);
			buildRules = (
			);
			dependencies = (
				32ECD3CD1BF860CF00BB25BA /* PBXTargetDependency */,
			);
			name = "Byou-KoiTests";
			productName = "Byou-KoiTests";
			productReference = 32ECD3CB1BF860CF00BB25BA /* Byou-KoiTests.xctest */;
			productType = "com.apple.product-type.bundle.unit-test";
		};
		32ECD3D51BF860CF00BB25BA /* Byou-KoiUITests */ = {
			isa = PBXNativeTarget;
			buildConfigurationList = 32ECD3E51BF860CF00BB25BA /* Build configuration list for PBXNativeTarget "Byou-KoiUITests" */;
			buildPhases = (
				32ECD3D21BF860CF00BB25BA /* Sources */,
				32ECD3D31BF860CF00BB25BA /* Frameworks */,
				32ECD3D41BF860CF00BB25BA /* Resources */,
			);
			buildRules = (
			);
			dependencies = (
				32ECD3D81BF860CF00BB25BA /* PBXTargetDependency */,
			);
			name = "Byou-KoiUITests";
			productName = "Byou-KoiUITests";
			productReference = 32ECD3D61BF860CF00BB25BA /* Byou-KoiUITests.xctest */;
			productType = "com.apple.product-type.bundle.ui-testing";
		};
/* End PBXNativeTarget section */

/* Begin PBXProject section */
		32ECD3AF1BF860CE00BB25BA /* Project object */ = {
			isa = PBXProject;
			attributes = {
				LastSwiftUpdateCheck = 0710;
				LastUpgradeCheck = 0710;
				ORGANIZATIONNAME = "matsushita keita";
				TargetAttributes = {
					32ECD3B61BF860CF00BB25BA = {
						CreatedOnToolsVersion = 7.1;
					};
					32ECD3CA1BF860CF00BB25BA = {
						CreatedOnToolsVersion = 7.1;
						TestTargetID = 32ECD3B61BF860CF00BB25BA;
					};
					32ECD3D51BF860CF00BB25BA = {
						CreatedOnToolsVersion = 7.1;
						TestTargetID = 32ECD3B61BF860CF00BB25BA;
					};
				};
			};
			buildConfigurationList = 32ECD3B21BF860CE00BB25BA /* Build configuration list for PBXProject "Byou-Koi" */;
			compatibilityVersion = "Xcode 3.2";
			developmentRegion = English;
			hasScannedForEncodings = 0;
			knownRegions = (
				en,
				Base,
			);
			mainGroup = 32ECD3AE1BF860CE00BB25BA;
			productRefGroup = 32ECD3B81BF860CF00BB25BA /* Products */;
			projectDirPath = "";
			projectRoot = "";
			targets = (
				32ECD3B61BF860CF00BB25BA /* Byou-Koi */,
				32ECD3CA1BF860CF00BB25BA /* Byou-KoiTests */,
				32ECD3D51BF860CF00BB25BA /* Byou-KoiUITests */,
			);
		};
/* End PBXProject section */

/* Begin PBXResourcesBuildPhase section */
		32ECD3B51BF860CF00BB25BA /* Resources */ = {
			isa = PBXResourcesBuildPhase;
			buildActionMask = 2147483647;
			files = (
				329DA2711C0B076400D339E1 /* SignUpFormView.xib in Resources */,
				32A9CA221C147D450063F333 /* menu@2x.png in Resources */,
				329DA2691C0AD13300D339E1 /* byousoku.png in Resources */,
				322129081BF880CC0048EEB9 /* paruru.png in Resources */,
				32B39FAE1BFA35B700CFAE89 /* ProfileLabelCell.xib in Resources */,
				329DA26B1C0AF4D700D339E1 /* backback.png in Resources */,
				3266DD691C1891E1005AEE4D /* EditIconCell.xib in Resources */,
				32ECD3C51BF860CF00BB25BA /* LaunchScreen.storyboard in Resources */,
				329DA26D1C0AF6BC00D339E1 /* star_sky.png in Resources */,
				329DA25E1C0993D700D339E1 /* LoginView.xib in Resources */,
				322129011BF87CE40048EEB9 /* ProfileCell.xib in Resources */,
				329DA2621C099DBC00D339E1 /* love.png in Resources */,
				329DA2671C0AC7AC00D339E1 /* LoginFormView.xib in Resources */,
				329DA2121C05791800D339E1 /* License in Resources */,
				32B39FB41BFA3B1400CFAE89 /* EditMenuCell.xib in Resources */,
				329DA26F1C0AF72300D339E1 /* ffff.png in Resources */,
				32ECD3C21BF860CF00BB25BA /* Assets.xcassets in Resources */,
				3221290F1BF8846F0048EEB9 /* camera.png in Resources */,
				329DA21D1C0619EA00D339E1 /* horikita.png in Resources */,
				32ECD3C01BF860CF00BB25BA /* Main.storyboard in Resources */,
				329DA21E1C0619EA00D339E1 /* honda.png in Resources */,
				329DA2191C0613CA00D339E1 /* FriendCell.xib in Resources */,
			);
			runOnlyForDeploymentPostprocessing = 0;
		};
		32ECD3C91BF860CF00BB25BA /* Resources */ = {
			isa = PBXResourcesBuildPhase;
			buildActionMask = 2147483647;
			files = (
			);
			runOnlyForDeploymentPostprocessing = 0;
		};
		32ECD3D41BF860CF00BB25BA /* Resources */ = {
			isa = PBXResourcesBuildPhase;
			buildActionMask = 2147483647;
			files = (
			);
			runOnlyForDeploymentPostprocessing = 0;
		};
/* End PBXResourcesBuildPhase section */

/* Begin PBXShellScriptBuildPhase section */
		6A00107ECB83DF85B69B0484 /* Embed Pods Frameworks */ = {
			isa = PBXShellScriptBuildPhase;
			buildActionMask = 2147483647;
			files = (
			);
			inputPaths = (
			);
			name = "Embed Pods Frameworks";
			outputPaths = (
			);
			runOnlyForDeploymentPostprocessing = 0;
			shellPath = /bin/sh;
			shellScript = "\"${SRCROOT}/Pods/Target Support Files/Pods-Byou-Koi/Pods-Byou-Koi-frameworks.sh\"\n";
			showEnvVarsInLog = 0;
		};
		7B86C34F915A602B886DDCFE /* Check Pods Manifest.lock */ = {
			isa = PBXShellScriptBuildPhase;
			buildActionMask = 2147483647;
			files = (
			);
			inputPaths = (
			);
			name = "Check Pods Manifest.lock";
			outputPaths = (
			);
			runOnlyForDeploymentPostprocessing = 0;
			shellPath = /bin/sh;
			shellScript = "diff \"${PODS_ROOT}/../Podfile.lock\" \"${PODS_ROOT}/Manifest.lock\" > /dev/null\nif [[ $? != 0 ]] ; then\n    cat << EOM\nerror: The sandbox is not in sync with the Podfile.lock. Run 'pod install' or update your CocoaPods installation.\nEOM\n    exit 1\nfi\n";
			showEnvVarsInLog = 0;
		};
		889FE547E5EAA404BED02D88 /* Copy Pods Resources */ = {
			isa = PBXShellScriptBuildPhase;
			buildActionMask = 2147483647;
			files = (
			);
			inputPaths = (
			);
			name = "Copy Pods Resources";
			outputPaths = (
			);
			runOnlyForDeploymentPostprocessing = 0;
			shellPath = /bin/sh;
			shellScript = "\"${SRCROOT}/Pods/Target Support Files/Pods-Byou-Koi/Pods-Byou-Koi-resources.sh\"\n";
			showEnvVarsInLog = 0;
		};
/* End PBXShellScriptBuildPhase section */

/* Begin PBXSourcesBuildPhase section */
		32ECD3B31BF860CF00BB25BA /* Sources */ = {
			isa = PBXSourcesBuildPhase;
			buildActionMask = 2147483647;
			files = (
				322129061BF87E4A0048EEB9 /* UIFont+Extension.swift in Sources */,
				329DA2111C05791800D339E1 /* LGSimpleChat.swift in Sources */,
				329DA2651C0AC79900D339E1 /* LoginFormView.swift in Sources */,
				329DA2731C0B078B00D339E1 /* SignUpFormView.swift in Sources */,
				322128F91BF8787E0048EEB9 /* CustomNavigationBar.swift in Sources */,
				32B39FA81BFA2EF000CFAE89 /* ProfileLabel.swift in Sources */,
				327E6AAB1C1DD7F100852E84 /* NSData+Extension.swift in Sources */,
				329DA2151C057A8A00D339E1 /* SimpleChatViewController.swift in Sources */,
				329DA2181C0613CA00D339E1 /* FriendCell.swift in Sources */,
				3266DD641C189059005AEE4D /* EditProfileTableViewController.swift in Sources */,
				3221290D1BF883AF0048EEB9 /* UIView+Extension.swift in Sources */,
				3266DD681C1891E1005AEE4D /* EditIconCell.swift in Sources */,
				32B39FB31BFA3B1400CFAE89 /* EditMenuCell.swift in Sources */,
				329DA2751C0B1FFF00D339E1 /* User.swift in Sources */,
				322128F71BF877E20048EEB9 /* ProfileTableViewController.swift in Sources */,
				327E6AAD1C21CB3900852E84 /* UIImageView+Extension.swift in Sources */,
				329DA2781C0B224900D339E1 /* String+Extension.swift in Sources */,
				32ECD3BB1BF860CF00BB25BA /* AppDelegate.swift in Sources */,
				32B39FA61BF8EC2A00CFAE89 /* MenuLabel.swift in Sources */,
				322128FC1BF879670048EEB9 /* UIColor+Extension.swift in Sources */,
				329DA25C1C0993C500D339E1 /* LoginView.swift in Sources */,
				329DA2601C0995DB00D339E1 /* MainTabBarController.swift in Sources */,
				32B39FAD1BFA35B700CFAE89 /* ProfileLabelCell.swift in Sources */,
				329DA25A1C09939500D339E1 /* LoginViewController.swift in Sources */,
				322129001BF87CE40048EEB9 /* ProfileCell.swift in Sources */,
				3221290B1BF881C30048EEB9 /* UITableView+Extension.swift in Sources */,
				3263BBCD1C0B35860035CDCF /* CurrentUser.swift in Sources */,
				329DA1B41BFDD0E100D339E1 /* FriendsTableViewController.swift in Sources */,
			);
			runOnlyForDeploymentPostprocessing = 0;
		};
		32ECD3C71BF860CF00BB25BA /* Sources */ = {
			isa = PBXSourcesBuildPhase;
			buildActionMask = 2147483647;
			files = (
				32ECD3D01BF860CF00BB25BA /* Byou_KoiTests.swift in Sources */,
			);
			runOnlyForDeploymentPostprocessing = 0;
		};
		32ECD3D21BF860CF00BB25BA /* Sources */ = {
			isa = PBXSourcesBuildPhase;
			buildActionMask = 2147483647;
			files = (
				32ECD3DB1BF860CF00BB25BA /* Byou_KoiUITests.swift in Sources */,
			);
			runOnlyForDeploymentPostprocessing = 0;
		};
/* End PBXSourcesBuildPhase section */

/* Begin PBXTargetDependency section */
		32ECD3CD1BF860CF00BB25BA /* PBXTargetDependency */ = {
			isa = PBXTargetDependency;
			target = 32ECD3B61BF860CF00BB25BA /* Byou-Koi */;
			targetProxy = 32ECD3CC1BF860CF00BB25BA /* PBXContainerItemProxy */;
		};
		32ECD3D81BF860CF00BB25BA /* PBXTargetDependency */ = {
			isa = PBXTargetDependency;
			target = 32ECD3B61BF860CF00BB25BA /* Byou-Koi */;
			targetProxy = 32ECD3D71BF860CF00BB25BA /* PBXContainerItemProxy */;
		};
/* End PBXTargetDependency section */

/* Begin PBXVariantGroup section */
		32ECD3BE1BF860CF00BB25BA /* Main.storyboard */ = {
			isa = PBXVariantGroup;
			children = (
				32ECD3BF1BF860CF00BB25BA /* Base */,
			);
			name = Main.storyboard;
			sourceTree = "<group>";
		};
		32ECD3C31BF860CF00BB25BA /* LaunchScreen.storyboard */ = {
			isa = PBXVariantGroup;
			children = (
				32ECD3C41BF860CF00BB25BA /* Base */,
			);
			name = LaunchScreen.storyboard;
			sourceTree = "<group>";
		};
/* End PBXVariantGroup section */

/* Begin XCBuildConfiguration section */
		32ECD3DD1BF860CF00BB25BA /* Debug */ = {
			isa = XCBuildConfiguration;
			buildSettings = {
				ALWAYS_SEARCH_USER_PATHS = NO;
				CLANG_CXX_LANGUAGE_STANDARD = "gnu++0x";
				CLANG_CXX_LIBRARY = "libc++";
				CLANG_ENABLE_MODULES = YES;
				CLANG_ENABLE_OBJC_ARC = YES;
				CLANG_WARN_BOOL_CONVERSION = YES;
				CLANG_WARN_CONSTANT_CONVERSION = YES;
				CLANG_WARN_DIRECT_OBJC_ISA_USAGE = YES_ERROR;
				CLANG_WARN_EMPTY_BODY = YES;
				CLANG_WARN_ENUM_CONVERSION = YES;
				CLANG_WARN_INT_CONVERSION = YES;
				CLANG_WARN_OBJC_ROOT_CLASS = YES_ERROR;
				CLANG_WARN_UNREACHABLE_CODE = YES;
				CLANG_WARN__DUPLICATE_METHOD_MATCH = YES;
				"CODE_SIGN_IDENTITY[sdk=iphoneos*]" = "iPhone Developer: Keita Matsushita (NZ9Q6CGPKU)";
				COPY_PHASE_STRIP = NO;
				DEBUG_INFORMATION_FORMAT = dwarf;
				ENABLE_STRICT_OBJC_MSGSEND = YES;
				ENABLE_TESTABILITY = YES;
				GCC_C_LANGUAGE_STANDARD = gnu99;
				GCC_DYNAMIC_NO_PIC = NO;
				GCC_NO_COMMON_BLOCKS = YES;
				GCC_OPTIMIZATION_LEVEL = 0;
				GCC_PREPROCESSOR_DEFINITIONS = (
					"DEBUG=1",
					"$(inherited)",
				);
				GCC_WARN_64_TO_32_BIT_CONVERSION = YES;
				GCC_WARN_ABOUT_RETURN_TYPE = YES_ERROR;
				GCC_WARN_UNDECLARED_SELECTOR = YES;
				GCC_WARN_UNINITIALIZED_AUTOS = YES_AGGRESSIVE;
				GCC_WARN_UNUSED_FUNCTION = YES;
				GCC_WARN_UNUSED_VARIABLE = YES;
				IPHONEOS_DEPLOYMENT_TARGET = 9.1;
				MTL_ENABLE_DEBUG_INFO = YES;
				ONLY_ACTIVE_ARCH = YES;
				SDKROOT = iphoneos;
				SWIFT_OPTIMIZATION_LEVEL = "-Onone";
			};
			name = Debug;
		};
		32ECD3DE1BF860CF00BB25BA /* Release */ = {
			isa = XCBuildConfiguration;
			buildSettings = {
				ALWAYS_SEARCH_USER_PATHS = NO;
				CLANG_CXX_LANGUAGE_STANDARD = "gnu++0x";
				CLANG_CXX_LIBRARY = "libc++";
				CLANG_ENABLE_MODULES = YES;
				CLANG_ENABLE_OBJC_ARC = YES;
				CLANG_WARN_BOOL_CONVERSION = YES;
				CLANG_WARN_CONSTANT_CONVERSION = YES;
				CLANG_WARN_DIRECT_OBJC_ISA_USAGE = YES_ERROR;
				CLANG_WARN_EMPTY_BODY = YES;
				CLANG_WARN_ENUM_CONVERSION = YES;
				CLANG_WARN_INT_CONVERSION = YES;
				CLANG_WARN_OBJC_ROOT_CLASS = YES_ERROR;
				CLANG_WARN_UNREACHABLE_CODE = YES;
				CLANG_WARN__DUPLICATE_METHOD_MATCH = YES;
				"CODE_SIGN_IDENTITY[sdk=iphoneos*]" = "iPhone Developer";
				COPY_PHASE_STRIP = NO;
				DEBUG_INFORMATION_FORMAT = "dwarf-with-dsym";
				ENABLE_NS_ASSERTIONS = NO;
				ENABLE_STRICT_OBJC_MSGSEND = YES;
				GCC_C_LANGUAGE_STANDARD = gnu99;
				GCC_NO_COMMON_BLOCKS = YES;
				GCC_WARN_64_TO_32_BIT_CONVERSION = YES;
				GCC_WARN_ABOUT_RETURN_TYPE = YES_ERROR;
				GCC_WARN_UNDECLARED_SELECTOR = YES;
				GCC_WARN_UNINITIALIZED_AUTOS = YES_AGGRESSIVE;
				GCC_WARN_UNUSED_FUNCTION = YES;
				GCC_WARN_UNUSED_VARIABLE = YES;
				IPHONEOS_DEPLOYMENT_TARGET = 9.1;
				MTL_ENABLE_DEBUG_INFO = NO;
				SDKROOT = iphoneos;
				SWIFT_OPTIMIZATION_LEVEL = "-Onone";
				VALIDATE_PRODUCT = YES;
			};
			name = Release;
		};
		32ECD3E01BF860CF00BB25BA /* Debug */ = {
			isa = XCBuildConfiguration;
			baseConfigurationReference = 55B7C7DC53E8F2B75C6E15A7 /* Pods-Byou-Koi.debug.xcconfig */;
			buildSettings = {
				ASSETCATALOG_COMPILER_APPICON_NAME = AppIcon;
				"CODE_SIGN_IDENTITY[sdk=iphoneos*]" = "iPhone Developer";
				INFOPLIST_FILE = "Byou-Koi/Info.plist";
				IPHONEOS_DEPLOYMENT_TARGET = 9.1;
				LD_RUNPATH_SEARCH_PATHS = "$(inherited) @executable_path/Frameworks";
				PRODUCT_BUNDLE_IDENTIFIER = "com.kinoponchan.Byou-Koi";
				PRODUCT_NAME = "$(TARGET_NAME)";
			};
			name = Debug;
		};
		32ECD3E11BF860CF00BB25BA /* Release */ = {
			isa = XCBuildConfiguration;
			baseConfigurationReference = 41020E60418CB496C8CAB1BB /* Pods-Byou-Koi.release.xcconfig */;
			buildSettings = {
				ASSETCATALOG_COMPILER_APPICON_NAME = AppIcon;
				INFOPLIST_FILE = "Byou-Koi/Info.plist";
				IPHONEOS_DEPLOYMENT_TARGET = 9.1;
				LD_RUNPATH_SEARCH_PATHS = "$(inherited) @executable_path/Frameworks";
				PRODUCT_BUNDLE_IDENTIFIER = "com.kinoponchan.Byou-Koi";
				PRODUCT_NAME = "$(TARGET_NAME)";
			};
			name = Release;
		};
		32ECD3E31BF860CF00BB25BA /* Debug */ = {
			isa = XCBuildConfiguration;
			buildSettings = {
				BUNDLE_LOADER = "$(TEST_HOST)";
				INFOPLIST_FILE = "Byou-KoiTests/Info.plist";
				LD_RUNPATH_SEARCH_PATHS = "$(inherited) @executable_path/Frameworks @loader_path/Frameworks";
				PRODUCT_BUNDLE_IDENTIFIER = "com.kinoponchan.Byou-KoiTests";
				PRODUCT_NAME = "$(TARGET_NAME)";
				TEST_HOST = "$(BUILT_PRODUCTS_DIR)/Byou-Koi.app/Byou-Koi";
			};
			name = Debug;
		};
		32ECD3E41BF860CF00BB25BA /* Release */ = {
			isa = XCBuildConfiguration;
			buildSettings = {
				BUNDLE_LOADER = "$(TEST_HOST)";
				INFOPLIST_FILE = "Byou-KoiTests/Info.plist";
				LD_RUNPATH_SEARCH_PATHS = "$(inherited) @executable_path/Frameworks @loader_path/Frameworks";
				PRODUCT_BUNDLE_IDENTIFIER = "com.kinoponchan.Byou-KoiTests";
				PRODUCT_NAME = "$(TARGET_NAME)";
				TEST_HOST = "$(BUILT_PRODUCTS_DIR)/Byou-Koi.app/Byou-Koi";
			};
			name = Release;
		};
		32ECD3E61BF860CF00BB25BA /* Debug */ = {
			isa = XCBuildConfiguration;
			buildSettings = {
				INFOPLIST_FILE = "Byou-KoiUITests/Info.plist";
				LD_RUNPATH_SEARCH_PATHS = "$(inherited) @executable_path/Frameworks @loader_path/Frameworks";
				PRODUCT_BUNDLE_IDENTIFIER = "com.kinoponchan.Byou-KoiUITests";
				PRODUCT_NAME = "$(TARGET_NAME)";
				TEST_TARGET_NAME = "Byou-Koi";
				USES_XCTRUNNER = YES;
			};
			name = Debug;
		};
		32ECD3E71BF860CF00BB25BA /* Release */ = {
			isa = XCBuildConfiguration;
			buildSettings = {
				INFOPLIST_FILE = "Byou-KoiUITests/Info.plist";
				LD_RUNPATH_SEARCH_PATHS = "$(inherited) @executable_path/Frameworks @loader_path/Frameworks";
				PRODUCT_BUNDLE_IDENTIFIER = "com.kinoponchan.Byou-KoiUITests";
				PRODUCT_NAME = "$(TARGET_NAME)";
				TEST_TARGET_NAME = "Byou-Koi";
				USES_XCTRUNNER = YES;
			};
			name = Release;
		};
/* End XCBuildConfiguration section */

/* Begin XCConfigurationList section */
		32ECD3B21BF860CE00BB25BA /* Build configuration list for PBXProject "Byou-Koi" */ = {
			isa = XCConfigurationList;
			buildConfigurations = (
				32ECD3DD1BF860CF00BB25BA /* Debug */,
				32ECD3DE1BF860CF00BB25BA /* Release */,
			);
			defaultConfigurationIsVisible = 0;
			defaultConfigurationName = Release;
		};
		32ECD3DF1BF860CF00BB25BA /* Build configuration list for PBXNativeTarget "Byou-Koi" */ = {
			isa = XCConfigurationList;
			buildConfigurations = (
				32ECD3E01BF860CF00BB25BA /* Debug */,
				32ECD3E11BF860CF00BB25BA /* Release */,
			);
			defaultConfigurationIsVisible = 0;
			defaultConfigurationName = Release;
		};
		32ECD3E21BF860CF00BB25BA /* Build configuration list for PBXNativeTarget "Byou-KoiTests" */ = {
			isa = XCConfigurationList;
			buildConfigurations = (
				32ECD3E31BF860CF00BB25BA /* Debug */,
				32ECD3E41BF860CF00BB25BA /* Release */,
			);
			defaultConfigurationIsVisible = 0;
			defaultConfigurationName = Release;
		};
		32ECD3E51BF860CF00BB25BA /* Build configuration list for PBXNativeTarget "Byou-KoiUITests" */ = {
			isa = XCConfigurationList;
			buildConfigurations = (
				32ECD3E61BF860CF00BB25BA /* Debug */,
				32ECD3E71BF860CF00BB25BA /* Release */,
			);
			defaultConfigurationIsVisible = 0;
			defaultConfigurationName = Release;
		};
/* End XCConfigurationList section */
	};
	rootObject = 32ECD3AF1BF860CE00BB25BA /* Project object */;
}
